
Microsoft Visual Studio Solution File, Format Version 12.00
# Visual Studio Version 17
VisualStudioVersion = 17.11.35312.102
MinimumVisualStudioVersion = 10.0.40219.1
Project("{FAE04EC0-301F-11D3-BF4B-00C04F79EFBC}") = "PersonDetails", "Assignment\PersonDetails.csproj", "{2F8A49AF-BD76-4444-B83C-201F1609CBF6}"
EndProject
Project("{FAE04EC0-301F-11D3-BF4B-00C04F79EFBC}") = "methodoverloading", "methodoverloading\methodoverloading.csproj", "{8E63A1BE-BA28-40FF-A2F7-02721F189671}"
EndProject
Project("{FAE04EC0-301F-11D3-BF4B-00C04F79EFBC}") = "PrepareBill", "PrepareBill\PrepareBill.csproj", "{5BB3F097-6031-4E26-922E-83095FA4455B}"
EndProject
Project("{FAE04EC0-301F-11D3-BF4B-00C04F79EFBC}") = "BraodBandPlan", "BraodBandPlan\BraodBandPlan.csproj", "{A0CF8E9A-6CB7-4605-AA5C-8BCA8E7D4F68}"
EndProject
Project("{FAE04EC0-301F-11D3-BF4B-00C04F79EFBC}") = "SchoolScholarship", "SchoolScholarship\SchoolScholarship.csproj", "{7C75D2F8-998F-4608-A80B-881478695A0C}"
EndProject
Global
	GlobalSection(SolutionConfigurationPlatforms) = preSolution
		Debug|Any CPU = Debug|Any CPU
		Release|Any CPU = Release|Any CPU
	EndGlobalSection
	GlobalSection(ProjectConfigurationPlatforms) = postSolution
		{2F8A49AF-BD76-4444-B83C-201F1609CBF6}.Debug|Any CPU.ActiveCfg = Debug|Any CPU
		{2F8A49AF-BD76-4444-B83C-201F1609CBF6}.Debug|Any CPU.Build.0 = Debug|Any CPU
		{2F8A49AF-BD76-4444-B83C-201F1609CBF6}.Release|Any CPU.ActiveCfg = Release|Any CPU
		{2F8A49AF-BD76-4444-B83C-201F1609CBF6}.Release|Any CPU.Build.0 = Release|Any CPU
		{8E63A1BE-BA28-40FF-A2F7-02721F189671}.Debug|Any CPU.ActiveCfg = Debug|Any CPU
		{8E63A1BE-BA28-40FF-A2F7-02721F189671}.Debug|Any CPU.Build.0 = Debug|Any CPU
		{8E63A1BE-BA28-40FF-A2F7-02721F189671}.Release|Any CPU.ActiveCfg = Release|Any CPU
		{8E63A1BE-BA28-40FF-A2F7-02721F189671}.Release|Any CPU.Build.0 = Release|Any CPU
		{5BB3F097-6031-4E26-922E-83095FA4455B}.Debug|Any CPU.ActiveCfg = Debug|Any CPU
		{5BB3F097-6031-4E26-922E-83095FA4455B}.Debug|Any CPU.Build.0 = Debug|Any CPU
		{5BB3F097-6031-4E26-922E-83095FA4455B}.Release|Any CPU.ActiveCfg = Release|Any CPU
		{5BB3F097-6031-4E26-922E-83095FA4455B}.Release|Any CPU.Build.0 = Release|Any CPU
		{A0CF8E9A-6CB7-4605-AA5C-8BCA8E7D4F68}.Debug|Any CPU.ActiveCfg = Debug|Any CPU
		{A0CF8E9A-6CB7-4605-AA5C-8BCA8E7D4F68}.Debug|Any CPU.Build.0 = Debug|Any CPU
		{A0CF8E9A-6CB7-4605-AA5C-8BCA8E7D4F68}.Release|Any CPU.ActiveCfg = Release|Any CPU
		{A0CF8E9A-6CB7-4605-AA5C-8BCA8E7D4F68}.Release|Any CPU.Build.0 = Release|Any CPU
		{7C75D2F8-998F-4608-A80B-881478695A0C}.Debug|Any CPU.ActiveCfg = Debug|Any CPU
		{7C75D2F8-998F-4608-A80B-881478695A0C}.Debug|Any CPU.Build.0 = Debug|Any CPU
		{7C75D2F8-998F-4608-A80B-881478695A0C}.Release|Any CPU.ActiveCfg = Release|Any CPU
		{7C75D2F8-998F-4608-A80B-881478695A0C}.Release|Any CPU.Build.0 = Release|Any CPU
	EndGlobalSection
	GlobalSection(SolutionProperties) = preSolution
		HideSolutionNode = FALSE
	EndGlobalSection
	GlobalSection(ExtensibilityGlobals) = postSolution
		SolutionGuid = {29AE4422-3A8E-4C43-ADB7-C3BA11F3B3FB}
	EndGlobalSection
EndGlobal
